
Microsoft Visual Studio Solution File, Format Version 12.00
# Visual Studio Version 17
VisualStudioVersion = 17.11.35303.130
MinimumVisualStudioVersion = 10.0.40219.1
Project("{FAE04EC0-301F-11D3-BF4B-00C04F79EFBC}") = "BlogSystem.API", "BlogSystem.API\BlogSystem.API.csproj", "{4A724908-1EB3-444C-9C30-0640F5054561}"
EndProject
Project("{FAE04EC0-301F-11D3-BF4B-00C04F79EFBC}") = "BlogSystem.BusinessLogic", "BusinessLogic\BlogSystem.BusinessLogic.csproj", "{9594E5FD-D5E3-4BD2-83F7-6216FEFDF3E3}"
EndProject
Project("{FAE04EC0-301F-11D3-BF4B-00C04F79EFBC}") = "BlogSystem.DataAccess", "BlogSystem.DataAccess\BlogSystem.DataAccess.csproj", "{96B964E8-3899-4616-93F4-F09EF15FEC03}"
EndProject
Global
	GlobalSection(SolutionConfigurationPlatforms) = preSolution
		Debug|Any CPU = Debug|Any CPU
		Release|Any CPU = Release|Any CPU
	EndGlobalSection
	GlobalSection(ProjectConfigurationPlatforms) = postSolution
		{4A724908-1EB3-444C-9C30-0640F5054561}.Debug|Any CPU.ActiveCfg = Debug|Any CPU
		{4A724908-1EB3-444C-9C30-0640F5054561}.Debug|Any CPU.Build.0 = Debug|Any CPU
		{4A724908-1EB3-444C-9C30-0640F5054561}.Release|Any CPU.ActiveCfg = Release|Any CPU
		{4A724908-1EB3-444C-9C30-0640F5054561}.Release|Any CPU.Build.0 = Release|Any CPU
		{9594E5FD-D5E3-4BD2-83F7-6216FEFDF3E3}.Debug|Any CPU.ActiveCfg = Debug|Any CPU
		{9594E5FD-D5E3-4BD2-83F7-6216FEFDF3E3}.Debug|Any CPU.Build.0 = Debug|Any CPU
		{9594E5FD-D5E3-4BD2-83F7-6216FEFDF3E3}.Release|Any CPU.ActiveCfg = Release|Any CPU
		{9594E5FD-D5E3-4BD2-83F7-6216FEFDF3E3}.Release|Any CPU.Build.0 = Release|Any CPU
		{96B964E8-3899-4616-93F4-F09EF15FEC03}.Debug|Any CPU.ActiveCfg = Debug|Any CPU
		{96B964E8-3899-4616-93F4-F09EF15FEC03}.Debug|Any CPU.Build.0 = Debug|Any CPU
		{96B964E8-3899-4616-93F4-F09EF15FEC03}.Release|Any CPU.ActiveCfg = Release|Any CPU
		{96B964E8-3899-4616-93F4-F09EF15FEC03}.Release|Any CPU.Build.0 = Release|Any CPU
	EndGlobalSection
	GlobalSection(SolutionProperties) = preSolution
		HideSolutionNode = FALSE
	EndGlobalSection
	GlobalSection(ExtensibilityGlobals) = postSolution
		SolutionGuid = {755FA1DC-B51F-4E5E-9877-1A8F6DE0BC18}
	EndGlobalSection
EndGlobal
